
Microsoft Visual Studio Solution File, Format Version 12.00
# Visual Studio Version 17
VisualStudioVersion = 17.3.32929.385
MinimumVisualStudioVersion = 10.0.40219.1
Project("{9A19103F-16F7-4668-BE54-9A1E7A4F7556}") = "Level 3 - Hello World", "Level 3 - Hello World.csproj", "{6303F2D5-B7E4-45A9-98D2-A833AED6366F}"
EndProject
Project("{FAE04EC0-301F-11D3-BF4B-00C04F79EFBC}") = "Level 6 - Csharp Type System", "..\Level 6 - Csharp Type System\Level 6 - Csharp Type System.csproj", "{8DA18663-61F7-4092-9C0A-B959A43A102F}"
EndProject
Global
	GlobalSection(SolutionConfigurationPlatforms) = preSolution
		Debug|Any CPU = Debug|Any CPU
		Release|Any CPU = Release|Any CPU
	EndGlobalSection
	GlobalSection(ProjectConfigurationPlatforms) = postSolution
		{6303F2D5-B7E4-45A9-98D2-A833AED6366F}.Debug|Any CPU.ActiveCfg = Debug|Any CPU
		{6303F2D5-B7E4-45A9-98D2-A833AED6366F}.Debug|Any CPU.Build.0 = Debug|Any CPU
		{6303F2D5-B7E4-45A9-98D2-A833AED6366F}.Release|Any CPU.ActiveCfg = Release|Any CPU
		{6303F2D5-B7E4-45A9-98D2-A833AED6366F}.Release|Any CPU.Build.0 = Release|Any CPU
		{8DA18663-61F7-4092-9C0A-B959A43A102F}.Debug|Any CPU.ActiveCfg = Debug|Any CPU
		{8DA18663-61F7-4092-9C0A-B959A43A102F}.Debug|Any CPU.Build.0 = Debug|Any CPU
		{8DA18663-61F7-4092-9C0A-B959A43A102F}.Release|Any CPU.ActiveCfg = Release|Any CPU
		{8DA18663-61F7-4092-9C0A-B959A43A102F}.Release|Any CPU.Build.0 = Release|Any CPU
	EndGlobalSection
	GlobalSection(SolutionProperties) = preSolution
		HideSolutionNode = FALSE
	EndGlobalSection
	GlobalSection(ExtensibilityGlobals) = postSolution
		SolutionGuid = {8CFAC379-8FDD-400A-9B94-F7285C4A62ED}
	EndGlobalSection
EndGlobal
