
Microsoft Visual Studio Solution File, Format Version 12.00
# Visual Studio Version 17
VisualStudioVersion = 17.3.32929.385
MinimumVisualStudioVersion = 10.0.40219.1
Project("{9A19103F-16F7-4668-BE54-9A1E7A4F7556}") = "Level 6 - Csharp Type System", "Level 6 - Csharp Type System\Level 6 - Csharp Type System.csproj", "{8DA18663-61F7-4092-9C0A-B959A43A102F}"
EndProject
Project("{9A19103F-16F7-4668-BE54-9A1E7A4F7556}") = "Level 3 - Hello World", "Level 3 - Hello World\Level 3 - Hello World.csproj", "{C76FCF25-BD6C-47A4-B284-92A48FFDA4BA}"
EndProject
Project("{FAE04EC0-301F-11D3-BF4B-00C04F79EFBC}") = "Level 9 - Decision Making", "Level 9 - Decision Making\Level 9 - Decision Making.csproj", "{1C2FACEB-577E-47FE-B938-D61CFFB9EF61}"
EndProject
Project("{2150E333-8FDC-42A3-9474-1A3956D46DE8}") = "Solution Items", "Solution Items", "{F5FDD89D-B72C-41E1-94F2-1A2003EB1DFD}"
	ProjectSection(SolutionItems) = preProject
		README.md = README.md
	EndProjectSection
EndProject
Global
	GlobalSection(SolutionConfigurationPlatforms) = preSolution
		Debug|Any CPU = Debug|Any CPU
		Release|Any CPU = Release|Any CPU
	EndGlobalSection
	GlobalSection(ProjectConfigurationPlatforms) = postSolution
		{8DA18663-61F7-4092-9C0A-B959A43A102F}.Debug|Any CPU.ActiveCfg = Debug|Any CPU
		{8DA18663-61F7-4092-9C0A-B959A43A102F}.Debug|Any CPU.Build.0 = Debug|Any CPU
		{8DA18663-61F7-4092-9C0A-B959A43A102F}.Release|Any CPU.ActiveCfg = Release|Any CPU
		{8DA18663-61F7-4092-9C0A-B959A43A102F}.Release|Any CPU.Build.0 = Release|Any CPU
		{C76FCF25-BD6C-47A4-B284-92A48FFDA4BA}.Debug|Any CPU.ActiveCfg = Debug|Any CPU
		{C76FCF25-BD6C-47A4-B284-92A48FFDA4BA}.Debug|Any CPU.Build.0 = Debug|Any CPU
		{C76FCF25-BD6C-47A4-B284-92A48FFDA4BA}.Release|Any CPU.ActiveCfg = Release|Any CPU
		{C76FCF25-BD6C-47A4-B284-92A48FFDA4BA}.Release|Any CPU.Build.0 = Release|Any CPU
		{1C2FACEB-577E-47FE-B938-D61CFFB9EF61}.Debug|Any CPU.ActiveCfg = Debug|Any CPU
		{1C2FACEB-577E-47FE-B938-D61CFFB9EF61}.Debug|Any CPU.Build.0 = Debug|Any CPU
		{1C2FACEB-577E-47FE-B938-D61CFFB9EF61}.Release|Any CPU.ActiveCfg = Release|Any CPU
		{1C2FACEB-577E-47FE-B938-D61CFFB9EF61}.Release|Any CPU.Build.0 = Release|Any CPU
	EndGlobalSection
	GlobalSection(SolutionProperties) = preSolution
		HideSolutionNode = FALSE
	EndGlobalSection
	GlobalSection(ExtensibilityGlobals) = postSolution
		SolutionGuid = {8CFAC379-8FDD-400A-9B94-F7285C4A62ED}
	EndGlobalSection
EndGlobal
